
Microsoft Visual Studio Solution File, Format Version 12.00
# Visual Studio Version 17
VisualStudioVersion = 17.10.35122.118
MinimumVisualStudioVersion = 10.0.40219.1
Project("{FAE04EC0-301F-11D3-BF4B-00C04F79EFBC}") = "RocketSimulation", "RocketSimulation.csproj", "{48403862-3420-4381-8426-1B53A81C99D1}"
EndProject
Global
	GlobalSection(SolutionConfigurationPlatforms) = preSolution
		Debug|Any CPU = Debug|Any CPU
		Release|Any CPU = Release|Any CPU
	EndGlobalSection
	GlobalSection(ProjectConfigurationPlatforms) = postSolution
		{48403862-3420-4381-8426-1B53A81C99D1}.Debug|Any CPU.ActiveCfg = Debug|Any CPU
		{48403862-3420-4381-8426-1B53A81C99D1}.Debug|Any CPU.Build.0 = Debug|Any CPU
		{48403862-3420-4381-8426-1B53A81C99D1}.Release|Any CPU.ActiveCfg = Release|Any CPU
		{48403862-3420-4381-8426-1B53A81C99D1}.Release|Any CPU.Build.0 = Release|Any CPU
	EndGlobalSection
	GlobalSection(SolutionProperties) = preSolution
		HideSolutionNode = FALSE
	EndGlobalSection
	GlobalSection(ExtensibilityGlobals) = postSolution
		SolutionGuid = {A4686B76-26E6-448A-8510-6F29F2392BAF}
	EndGlobalSection
EndGlobal
